
Microsoft Visual Studio Solution File, Format Version 12.00
# Visual Studio Version 17
VisualStudioVersion = 17.12.35527.113
MinimumVisualStudioVersion = 10.0.40219.1
Project("{FAE04EC0-301F-11D3-BF4B-00C04F79EFBC}") = "Review-Projects.Domain", "Review-Projects-Methods.Domain\Review-Projects.Domain.csproj", "{08D5555D-E625-40DA-B02B-6B7A12D66787}"
EndProject
Project("{FAE04EC0-301F-11D3-BF4B-00C04F79EFBC}") = "Review-Projects.Infrastructure", "Review-Projects.Infrastructure\Review-Projects.Infrastructure.csproj", "{9B2EC47F-B9AA-413A-ACE9-FF3DA6B29B93}"
EndProject
Project("{FAE04EC0-301F-11D3-BF4B-00C04F79EFBC}") = "Review-Projects.Extensions", "Review-Projects.Extensions\Review-Projects.Extensions.csproj", "{3D7B1743-2688-4105-8AA1-7FAE70C9A7DC}"
EndProject
Project("{FAE04EC0-301F-11D3-BF4B-00C04F79EFBC}") = "Review-Projects.Blazor", "Review-Projects.Blazor\Review-Projects.Blazor.csproj", "{FA239CDD-3045-4127-8C10-E2486BCD089D}"
EndProject
Global
	GlobalSection(SolutionConfigurationPlatforms) = preSolution
		Debug|Any CPU = Debug|Any CPU
		Release|Any CPU = Release|Any CPU
	EndGlobalSection
	GlobalSection(ProjectConfigurationPlatforms) = postSolution
		{08D5555D-E625-40DA-B02B-6B7A12D66787}.Debug|Any CPU.ActiveCfg = Debug|Any CPU
		{08D5555D-E625-40DA-B02B-6B7A12D66787}.Debug|Any CPU.Build.0 = Debug|Any CPU
		{08D5555D-E625-40DA-B02B-6B7A12D66787}.Release|Any CPU.ActiveCfg = Release|Any CPU
		{08D5555D-E625-40DA-B02B-6B7A12D66787}.Release|Any CPU.Build.0 = Release|Any CPU
		{9B2EC47F-B9AA-413A-ACE9-FF3DA6B29B93}.Debug|Any CPU.ActiveCfg = Debug|Any CPU
		{9B2EC47F-B9AA-413A-ACE9-FF3DA6B29B93}.Debug|Any CPU.Build.0 = Debug|Any CPU
		{9B2EC47F-B9AA-413A-ACE9-FF3DA6B29B93}.Release|Any CPU.ActiveCfg = Release|Any CPU
		{9B2EC47F-B9AA-413A-ACE9-FF3DA6B29B93}.Release|Any CPU.Build.0 = Release|Any CPU
		{3D7B1743-2688-4105-8AA1-7FAE70C9A7DC}.Debug|Any CPU.ActiveCfg = Debug|Any CPU
		{3D7B1743-2688-4105-8AA1-7FAE70C9A7DC}.Debug|Any CPU.Build.0 = Debug|Any CPU
		{3D7B1743-2688-4105-8AA1-7FAE70C9A7DC}.Release|Any CPU.ActiveCfg = Release|Any CPU
		{3D7B1743-2688-4105-8AA1-7FAE70C9A7DC}.Release|Any CPU.Build.0 = Release|Any CPU
		{FA239CDD-3045-4127-8C10-E2486BCD089D}.Debug|Any CPU.ActiveCfg = Debug|Any CPU
		{FA239CDD-3045-4127-8C10-E2486BCD089D}.Debug|Any CPU.Build.0 = Debug|Any CPU
		{FA239CDD-3045-4127-8C10-E2486BCD089D}.Release|Any CPU.ActiveCfg = Release|Any CPU
		{FA239CDD-3045-4127-8C10-E2486BCD089D}.Release|Any CPU.Build.0 = Release|Any CPU
	EndGlobalSection
	GlobalSection(SolutionProperties) = preSolution
		HideSolutionNode = FALSE
	EndGlobalSection
EndGlobal
